
Microsoft Visual Studio Solution File, Format Version 12.00
# Visual Studio Version 16
VisualStudioVersion = 16.0.32802.440
MinimumVisualStudioVersion = 10.0.40219.1
Project("{FAE04EC0-301F-11D3-BF4B-00C04F79EFBC}") = "telaIntegrador2022", "telaIntegrador2022\telaIntegrador2022.csproj", "{C3606848-FB20-4008-80BB-CCBA07B5AC1A}"
EndProject
Global
	GlobalSection(SolutionConfigurationPlatforms) = preSolution
		Debug|Any CPU = Debug|Any CPU
		Release|Any CPU = Release|Any CPU
	EndGlobalSection
	GlobalSection(ProjectConfigurationPlatforms) = postSolution
		{C3606848-FB20-4008-80BB-CCBA07B5AC1A}.Debug|Any CPU.ActiveCfg = Debug|Any CPU
		{C3606848-FB20-4008-80BB-CCBA07B5AC1A}.Debug|Any CPU.Build.0 = Debug|Any CPU
		{C3606848-FB20-4008-80BB-CCBA07B5AC1A}.Release|Any CPU.ActiveCfg = Release|Any CPU
		{C3606848-FB20-4008-80BB-CCBA07B5AC1A}.Release|Any CPU.Build.0 = Release|Any CPU
	EndGlobalSection
	GlobalSection(SolutionProperties) = preSolution
		HideSolutionNode = FALSE
	EndGlobalSection
	GlobalSection(ExtensibilityGlobals) = postSolution
		SolutionGuid = {7CA4B6C2-F0FA-4CAC-ABFD-2AD0E8D5DF10}
	EndGlobalSection
EndGlobal
